{
  "name": "y-ipfs-connector",
  "version": "2.0.1",
  "lockfileVersion": 1,
  "requires": true,
  "dependencies": {
    "async": {
      "version": "2.6.0",
      "resolved": "https://registry.npmjs.org/async/-/async-2.6.0.tgz",
      "integrity": "sha512-xAfGg1/NTLBBKlHFmnd7PlmUW9KhVQIUuSrYem9xzFUZy13ScvtyGGejaae9iAVRiRq9+Cx7DPFaAAhCpyxyPw==",
      "requires": {
        "lodash": "4.17.4"
      }
    },
    "debug": {
      "version": "3.1.0",
      "resolved": "https://registry.npmjs.org/debug/-/debug-3.1.0.tgz",
      "integrity": "sha512-OX8XqP7/1a9cqkxYw2yXss15f26NKWBpDXQd0/uK/KPqdQhxbPa994hnzjcE2VqQpDslf55723cKPUOGSmMY3g==",
      "requires": {
        "ms": "2.0.0"
      }
    },
    "hyperdiff": {
      "version": "2.0.4",
      "resolved": "https://registry.npmjs.org/hyperdiff/-/hyperdiff-2.0.4.tgz",
      "integrity": "sha512-rCRkwmjC2+X7YHyki1t/RCYD6NGWc9OGQiLyhSUArPWSfAeeGGBfUTApvfMEfGFov/zaVmssPWk8FN26Cz9yrQ==",
      "requires": {
        "debug": "3.1.0",
        "lodash.clonedeep": "4.5.0",
        "lodash.pullat": "4.6.0"
      }
    },
    "ipfs-pubsub-room": {
      "version": "1.1.0",
      "resolved": "https://registry.npmjs.org/ipfs-pubsub-room/-/ipfs-pubsub-room-1.1.0.tgz",
      "integrity": "sha512-QgdY9W5bpuNbmTiwz7F+ukZ17TQMk0Rc7YiQ3jysUtwZ0c0Y5P6olaAMblln6rw4gzVVIQYScj8hfI4IH4wyhA==",
      "requires": {
        "hyperdiff": "2.0.4",
        "lodash.clonedeep": "4.5.0",
        "pull-pushable": "2.1.1",
        "pull-stream": "3.6.1",
        "safe-buffer": "5.1.1"
      }
    },
    "lodash": {
      "version": "4.17.4",
      "resolved": "https://registry.npmjs.org/lodash/-/lodash-4.17.4.tgz",
      "integrity": "sha1-eCA6TRwyiuHYbcpkYONptX9AVa4="
    },
    "lodash.clonedeep": {
      "version": "4.5.0",
      "resolved": "https://registry.npmjs.org/lodash.clonedeep/-/lodash.clonedeep-4.5.0.tgz",
      "integrity": "sha1-4j8/nE+Pvd6HJSnBBxhXoIblzO8="
    },
    "lodash.pullat": {
      "version": "4.6.0",
      "resolved": "https://registry.npmjs.org/lodash.pullat/-/lodash.pullat-4.6.0.tgz",
      "integrity": "sha1-vfrPDiCf0n+WXnEfplp3SoTTAmE="
    },
    "ms": {
      "version": "2.0.0",
      "resolved": "https://registry.npmjs.org/ms/-/ms-2.0.0.tgz",
      "integrity": "sha1-VgiurfwAvmwpAd9fmGF4jeDVl8g="
    },
    "pull-pushable": {
      "version": "2.1.1",
      "resolved": "https://registry.npmjs.org/pull-pushable/-/pull-pushable-2.1.1.tgz",
      "integrity": "sha1-hmZqu+P1QC8ffq0D7v1pt4Xspbg="
    },
    "pull-stream": {
      "version": "3.6.1",
      "resolved": "https://registry.npmjs.org/pull-stream/-/pull-stream-3.6.1.tgz",
      "integrity": "sha1-xcKuSlEkbv7rzGXAQSo9clqSzgA="
    },
    "safe-buffer": {
      "version": "5.1.1",
      "resolved": "https://registry.npmjs.org/safe-buffer/-/safe-buffer-5.1.1.tgz",
      "integrity": "sha512-kKvNJn6Mm93gAczWVJg7wH+wGYWNrDHdWvpUmHyEsgCtIwwo3bqPtV4tR5tuPaUhTOo/kvhVwd8XwwOllGYkbg=="
    }
  }
}
