{
  "name": "y-ipfs-connector",
  "version": "1.4.0",
  "lockfileVersion": 1,
  "requires": true,
  "dependencies": {
    "async": {
      "version": "2.5.0",
      "resolved": "https://registry.npmjs.org/async/-/async-2.5.0.tgz",
      "integrity": "sha512-e+lJAJeNWuPCNyxZKOBdaJGyLGHugXVQtrAwtuAe2vhxTYxFTKE73p8JuTmdH0qdQZtDvI4dhJwjZc5zsfIsYw==",
      "requires": {
        "lodash": "4.17.4"
      },
      "dependencies": {
        "lodash": {
          "version": "4.17.4",
          "resolved": "https://registry.npmjs.org/lodash/-/lodash-4.17.4.tgz",
          "integrity": "sha1-eCA6TRwyiuHYbcpkYONptX9AVa4="
        }
      }
    },
    "debug": {
      "version": "3.1.0",
      "resolved": "https://registry.npmjs.org/debug/-/debug-3.1.0.tgz",
      "integrity": "sha512-OX8XqP7/1a9cqkxYw2yXss15f26NKWBpDXQd0/uK/KPqdQhxbPa994hnzjcE2VqQpDslf55723cKPUOGSmMY3g==",
      "requires": {
        "ms": "2.0.0"
      }
    },
    "hyperdiff": {
      "version": "2.0.3",
      "resolved": "https://registry.npmjs.org/hyperdiff/-/hyperdiff-2.0.3.tgz",
      "integrity": "sha512-NAJxMV58m7Riefe0HAVt6gQx9KgRrYIBdd2dKLZ0wzdyNJlwO3gNPt8SXNxh8VrO5eOrp3ipdOePpPdPircKLw==",
      "requires": {
        "debug": "3.0.1",
        "lodash.clonedeep": "4.5.0",
        "lodash.pullat": "4.6.0"
      },
      "dependencies": {
        "debug": {
          "version": "3.0.1",
          "resolved": "https://registry.npmjs.org/debug/-/debug-3.0.1.tgz",
          "integrity": "sha512-6nVc6S36qbt/mutyt+UGMnawAMrPDZUPQjRZI3FS9tCtDRhvxJbK79unYBLPi+z5SLXQ3ftoVBFCblQtNSls8w==",
          "requires": {
            "ms": "2.0.0"
          }
        }
      }
    },
    "ipfs-pubsub-room": {
      "version": "0.4.1",
      "resolved": "https://registry.npmjs.org/ipfs-pubsub-room/-/ipfs-pubsub-room-0.4.1.tgz",
      "integrity": "sha512-4mv4cOJKNjP/cZ8DbDXP1peATa6PISTj3e67Bt9wlcgx0awdPRzLEuSdf/hlu+D5bXmKUZ4gHuO9bciB8P0eyQ==",
      "requires": {
        "hyperdiff": "2.0.3",
        "lodash.clonedeep": "4.5.0",
        "pull-pushable": "2.1.1",
        "pull-stream": "3.6.1",
        "safe-buffer": "5.1.1"
      }
    },
    "lodash.clonedeep": {
      "version": "4.5.0",
      "resolved": "https://registry.npmjs.org/lodash.clonedeep/-/lodash.clonedeep-4.5.0.tgz",
      "integrity": "sha1-4j8/nE+Pvd6HJSnBBxhXoIblzO8="
    },
    "lodash.pullat": {
      "version": "4.6.0",
      "resolved": "https://registry.npmjs.org/lodash.pullat/-/lodash.pullat-4.6.0.tgz",
      "integrity": "sha1-vfrPDiCf0n+WXnEfplp3SoTTAmE="
    },
    "ms": {
      "version": "2.0.0",
      "resolved": "https://registry.npmjs.org/ms/-/ms-2.0.0.tgz",
      "integrity": "sha1-VgiurfwAvmwpAd9fmGF4jeDVl8g="
    },
    "pull-pushable": {
      "version": "2.1.1",
      "resolved": "https://registry.npmjs.org/pull-pushable/-/pull-pushable-2.1.1.tgz",
      "integrity": "sha1-hmZqu+P1QC8ffq0D7v1pt4Xspbg="
    },
    "pull-stream": {
      "version": "3.6.1",
      "resolved": "https://registry.npmjs.org/pull-stream/-/pull-stream-3.6.1.tgz",
      "integrity": "sha1-xcKuSlEkbv7rzGXAQSo9clqSzgA="
    },
    "safe-buffer": {
      "version": "5.1.1",
      "resolved": "https://registry.npmjs.org/safe-buffer/-/safe-buffer-5.1.1.tgz",
      "integrity": "sha512-kKvNJn6Mm93gAczWVJg7wH+wGYWNrDHdWvpUmHyEsgCtIwwo3bqPtV4tR5tuPaUhTOo/kvhVwd8XwwOllGYkbg=="
    }
  }
}
